// !$*UTF8*$!
{
	archiveVersion = 1;
	classes = {
	};
	objectVersion = 50;
	objects = {

/* Begin PBXBuildFile section */
		97BE400321DCA19F0007F373 /* RandomeGenerationFramework.framework in Frameworks */ = {isa = PBXBuildFile; fileRef = 97BE3FF921DCA19E0007F373 /* RandomeGenerationFramework.framework */; };
		97BE400821DCA19F0007F373 /* RandomeGenerationFrameworkTests.swift in Sources */ = {isa = PBXBuildFile; fileRef = 97BE400721DCA19F0007F373 /* RandomeGenerationFrameworkTests.swift */; };
		97BE400A21DCA19F0007F373 /* RandomeGenerationFramework.h in Headers */ = {isa = PBXBuildFile; fileRef = 97BE3FFC21DCA19E0007F373 /* RandomeGenerationFramework.h */; settings = {ATTRIBUTES = (Public, ); }; };
		97BE401421DCA3330007F373 /* RandomGenerator.swift in Sources */ = {isa = PBXBuildFile; fileRef = 97BE401321DCA3330007F373 /* RandomGenerator.swift */; };
		97BE401521DCA3340007F373 /* RandomGenerator.swift in Sources */ = {isa = PBXBuildFile; fileRef = 97BE401321DCA3330007F373 /* RandomGenerator.swift */; };
/* End PBXBuildFile section */

/* Begin PBXContainerItemProxy section */
		97BE400421DCA19F0007F373 /* PBXContainerItemProxy */ = {
			isa = PBXContainerItemProxy;
			containerPortal = 97BE3FF021DCA19E0007F373 /* Project object */;
			proxyType = 1;
			remoteGlobalIDString = 97BE3FF821DCA19E0007F373;
			remoteInfo = RandomeGenerationFramework;
		};
/* End PBXContainerItemProxy section */

/* Begin PBXFileReference section */
		97BE3FF921DCA19E0007F373 /* RandomeGenerationFramework.framework */ = {isa = PBXFileReference; explicitFileType = wrapper.framework; includeInIndex = 0; path = RandomeGenerationFramework.framework; sourceTree = BUILT_PRODUCTS_DIR; };
		97BE3FFC21DCA19E0007F373 /* RandomeGenerationFramework.h */ = {isa = PBXFileReference; lastKnownFileType = sourcecode.c.h; path = RandomeGenerationFramework.h; sourceTree = "<group>"; };
		97BE3FFD21DCA19E0007F373 /* Info.plist */ = {isa = PBXFileReference; lastKnownFileType = text.plist.xml; path = Info.plist; sourceTree = "<group>"; };
		97BE400221DCA19F0007F373 /* RandomeGenerationFrameworkTests.xctest */ = {isa = PBXFileReference; explicitFileType = wrapper.cfbundle; includeInIndex = 0; path = RandomeGenerationFrameworkTests.xctest; sourceTree = BUILT_PRODUCTS_DIR; };
		97BE400721DCA19F0007F373 /* RandomeGenerationFrameworkTests.swift */ = {isa = PBXFileReference; lastKnownFileType = sourcecode.swift; path = RandomeGenerationFrameworkTests.swift; sourceTree = "<group>"; };
		97BE400921DCA19F0007F373 /* Info.plist */ = {isa = PBXFileReference; lastKnownFileType = text.plist.xml; path = Info.plist; sourceTree = "<group>"; };
		97BE401321DCA3330007F373 /* RandomGenerator.swift */ = {isa = PBXFileReference; lastKnownFileType = sourcecode.swift; path = RandomGenerator.swift; sourceTree = "<group>"; };
/* End PBXFileReference section */

/* Begin PBXFrameworksBuildPhase section */
		97BE3FF621DCA19E0007F373 /* Frameworks */ = {
			isa = PBXFrameworksBuildPhase;
			buildActionMask = 2147483647;
			files = (
			);
			runOnlyForDeploymentPostprocessing = 0;
		};
		97BE3FFF21DCA19F0007F373 /* Frameworks */ = {
			isa = PBXFrameworksBuildPhase;
			buildActionMask = 2147483647;
			files = (
				97BE400321DCA19F0007F373 /* RandomeGenerationFramework.framework in Frameworks */,
			);
			runOnlyForDeploymentPostprocessing = 0;
		};
/* End PBXFrameworksBuildPhase section */

/* Begin PBXGroup section */
		97BE3FEF21DCA19E0007F373 = {
			isa = PBXGroup;
			children = (
				97BE3FFB21DCA19E0007F373 /* RandomeGenerationFramework */,
				97BE400621DCA19F0007F373 /* RandomeGenerationFrameworkTests */,
				97BE3FFA21DCA19E0007F373 /* Products */,
			);
			sourceTree = "<group>";
		};
		97BE3FFA21DCA19E0007F373 /* Products */ = {
			isa = PBXGroup;
			children = (
				97BE3FF921DCA19E0007F373 /* RandomeGenerationFramework.framework */,
				97BE400221DCA19F0007F373 /* RandomeGenerationFrameworkTests.xctest */,
			);
			name = Products;
			sourceTree = "<group>";
		};
		97BE3FFB21DCA19E0007F373 /* RandomeGenerationFramework */ = {
			isa = PBXGroup;
			children = (
				97BE3FFC21DCA19E0007F373 /* RandomeGenerationFramework.h */,
				97BE3FFD21DCA19E0007F373 /* Info.plist */,
				97BE401321DCA3330007F373 /* RandomGenerator.swift */,
			);
			path = RandomeGenerationFramework;
			sourceTree = "<group>";
		};
		97BE400621DCA19F0007F373 /* RandomeGenerationFrameworkTests */ = {
			isa = PBXGroup;
			children = (
				97BE400721DCA19F0007F373 /* RandomeGenerationFrameworkTests.swift */,
				97BE400921DCA19F0007F373 /* Info.plist */,
			);
			path = RandomeGenerationFrameworkTests;
			sourceTree = "<group>";
		};
/* End PBXGroup section */

/* Begin PBXHeadersBuildPhase section */
		97BE3FF421DCA19E0007F373 /* Headers */ = {
			isa = PBXHeadersBuildPhase;
			buildActionMask = 2147483647;
			files = (
				97BE400A21DCA19F0007F373 /* RandomeGenerationFramework.h in Headers */,
			);
			runOnlyForDeploymentPostprocessing = 0;
		};
/* End PBXHeadersBuildPhase section */

/* Begin PBXNativeTarget section */
		97BE3FF821DCA19E0007F373 /* RandomeGenerationFramework */ = {
			isa = PBXNativeTarget;
			buildConfigurationList = 97BE400D21DCA19F0007F373 /* Build configuration list for PBXNativeTarget "RandomeGenerationFramework" */;
			buildPhases = (
				97BE3FF421DCA19E0007F373 /* Headers */,
				97BE3FF521DCA19E0007F373 /* Sources */,
				97BE3FF621DCA19E0007F373 /* Frameworks */,
				97BE3FF721DCA19E0007F373 /* Resources */,
			);
			buildRules = (
			);
			dependencies = (
			);
			name = RandomeGenerationFramework;
			productName = RandomeGenerationFramework;
			productReference = 97BE3FF921DCA19E0007F373 /* RandomeGenerationFramework.framework */;
			productType = "com.apple.product-type.framework";
		};
		97BE400121DCA19F0007F373 /* RandomeGenerationFrameworkTests */ = {
			isa = PBXNativeTarget;
			buildConfigurationList = 97BE401021DCA19F0007F373 /* Build configuration list for PBXNativeTarget "RandomeGenerationFrameworkTests" */;
			buildPhases = (
				97BE3FFE21DCA19F0007F373 /* Sources */,
				97BE3FFF21DCA19F0007F373 /* Frameworks */,
				97BE400021DCA19F0007F373 /* Resources */,
			);
			buildRules = (
			);
			dependencies = (
				97BE400521DCA19F0007F373 /* PBXTargetDependency */,
			);
			name = RandomeGenerationFrameworkTests;
			productName = RandomeGenerationFrameworkTests;
			productReference = 97BE400221DCA19F0007F373 /* RandomeGenerationFrameworkTests.xctest */;
			productType = "com.apple.product-type.bundle.unit-test";
		};
/* End PBXNativeTarget section */

/* Begin PBXProject section */
		97BE3FF021DCA19E0007F373 /* Project object */ = {
			isa = PBXProject;
			attributes = {
				LastSwiftUpdateCheck = 1010;
				LastUpgradeCheck = 1010;
				ORGANIZATIONNAME = Chandramani;
				TargetAttributes = {
					97BE3FF821DCA19E0007F373 = {
						CreatedOnToolsVersion = 10.1;
						LastSwiftMigration = 1010;
					};
					97BE400121DCA19F0007F373 = {
						CreatedOnToolsVersion = 10.1;
					};
				};
			};
			buildConfigurationList = 97BE3FF321DCA19E0007F373 /* Build configuration list for PBXProject "RandomeGenerationFramework" */;
			compatibilityVersion = "Xcode 9.3";
			developmentRegion = en;
			hasScannedForEncodings = 0;
			knownRegions = (
				en,
			);
			mainGroup = 97BE3FEF21DCA19E0007F373;
			productRefGroup = 97BE3FFA21DCA19E0007F373 /* Products */;
			projectDirPath = "";
			projectRoot = "";
			targets = (
				97BE3FF821DCA19E0007F373 /* RandomeGenerationFramework */,
				97BE400121DCA19F0007F373 /* RandomeGenerationFrameworkTests */,
			);
		};
/* End PBXProject section */

/* Begin PBXResourcesBuildPhase section */
		97BE3FF721DCA19E0007F373 /* Resources */ = {
			isa = PBXResourcesBuildPhase;
			buildActionMask = 2147483647;
			files = (
			);
			runOnlyForDeploymentPostprocessing = 0;
		};
		97BE400021DCA19F0007F373 /* Resources */ = {
			isa = PBXResourcesBuildPhase;
			buildActionMask = 2147483647;
			files = (
			);
			runOnlyForDeploymentPostprocessing = 0;
		};
/* End PBXResourcesBuildPhase section */

/* Begin PBXSourcesBuildPhase section */
		97BE3FF521DCA19E0007F373 /* Sources */ = {
			isa = PBXSourcesBuildPhase;
			buildActionMask = 2147483647;
			files = (
				97BE401421DCA3330007F373 /* RandomGenerator.swift in Sources */,
			);
			runOnlyForDeploymentPostprocessing = 0;
		};
		97BE3FFE21DCA19F0007F373 /* Sources */ = {
			isa = PBXSourcesBuildPhase;
			buildActionMask = 2147483647;
			files = (
				97BE401521DCA3340007F373 /* RandomGenerator.swift in Sources */,
				97BE400821DCA19F0007F373 /* RandomeGenerationFrameworkTests.swift in Sources */,
			);
			runOnlyForDeploymentPostprocessing = 0;
		};
/* End PBXSourcesBuildPhase section */

/* Begin PBXTargetDependency section */
		97BE400521DCA19F0007F373 /* PBXTargetDependency */ = {
			isa = PBXTargetDependency;
			target = 97BE3FF821DCA19E0007F373 /* RandomeGenerationFramework */;
			targetProxy = 97BE400421DCA19F0007F373 /* PBXContainerItemProxy */;
		};
/* End PBXTargetDependency section */

/* Begin XCBuildConfiguration section */
		97BE400B21DCA19F0007F373 /* Debug */ = {
			isa = XCBuildConfiguration;
			buildSettings = {
				ALWAYS_SEARCH_USER_PATHS = NO;
				CLANG_ANALYZER_NONNULL = YES;
				CLANG_ANALYZER_NUMBER_OBJECT_CONVERSION = YES_AGGRESSIVE;
				CLANG_CXX_LANGUAGE_STANDARD = "gnu++14";
				CLANG_CXX_LIBRARY = "libc++";
				CLANG_ENABLE_MODULES = YES;
				CLANG_ENABLE_OBJC_ARC = YES;
				CLANG_ENABLE_OBJC_WEAK = YES;
				CLANG_WARN_BLOCK_CAPTURE_AUTORELEASING = YES;
				CLANG_WARN_BOOL_CONVERSION = YES;
				CLANG_WARN_COMMA = YES;
				CLANG_WARN_CONSTANT_CONVERSION = YES;
				CLANG_WARN_DEPRECATED_OBJC_IMPLEMENTATIONS = YES;
				CLANG_WARN_DIRECT_OBJC_ISA_USAGE = YES_ERROR;
				CLANG_WARN_DOCUMENTATION_COMMENTS = YES;
				CLANG_WARN_EMPTY_BODY = YES;
				CLANG_WARN_ENUM_CONVERSION = YES;
				CLANG_WARN_INFINITE_RECURSION = YES;
				CLANG_WARN_INT_CONVERSION = YES;
				CLANG_WARN_NON_LITERAL_NULL_CONVERSION = YES;
				CLANG_WARN_OBJC_IMPLICIT_RETAIN_SELF = YES;
				CLANG_WARN_OBJC_LITERAL_CONVERSION = YES;
				CLANG_WARN_OBJC_ROOT_CLASS = YES_ERROR;
				CLANG_WARN_RANGE_LOOP_ANALYSIS = YES;
				CLANG_WARN_STRICT_PROTOTYPES = YES;
				CLANG_WARN_SUSPICIOUS_MOVE = YES;
				CLANG_WARN_UNGUARDED_AVAILABILITY = YES_AGGRESSIVE;
				CLANG_WARN_UNREACHABLE_CODE = YES;
				CLANG_WARN__DUPLICATE_METHOD_MATCH = YES;
				CODE_SIGN_IDENTITY = "iPhone Developer";
				COPY_PHASE_STRIP = NO;
				CURRENT_PROJECT_VERSION = 1;
				DEBUG_INFORMATION_FORMAT = dwarf;
				ENABLE_STRICT_OBJC_MSGSEND = YES;
				ENABLE_TESTABILITY = YES;
				GCC_C_LANGUAGE_STANDARD = gnu11;
				GCC_DYNAMIC_NO_PIC = NO;
				GCC_NO_COMMON_BLOCKS = YES;
				GCC_OPTIMIZATION_LEVEL = 0;
				GCC_PREPROCESSOR_DEFINITIONS = (
					"DEBUG=1",
					"$(inherited)",
				);
				GCC_WARN_64_TO_32_BIT_CONVERSION = YES;
				GCC_WARN_ABOUT_RETURN_TYPE = YES_ERROR;
				GCC_WARN_UNDECLARED_SELECTOR = YES;
				GCC_WARN_UNINITIALIZED_AUTOS = YES_AGGRESSIVE;
				GCC_WARN_UNUSED_FUNCTION = YES;
				GCC_WARN_UNUSED_VARIABLE = YES;
				IPHONEOS_DEPLOYMENT_TARGET = 12.1;
				MTL_ENABLE_DEBUG_INFO = INCLUDE_SOURCE;
				MTL_FAST_MATH = YES;
				ONLY_ACTIVE_ARCH = YES;
				SDKROOT = iphoneos;
				SWIFT_ACTIVE_COMPILATION_CONDITIONS = DEBUG;
				SWIFT_OPTIMIZATION_LEVEL = "-Onone";
				VERSIONING_SYSTEM = "apple-generic";
				VERSION_INFO_PREFIX = "";
			};
			name = Debug;
		};
		97BE400C21DCA19F0007F373 /* Release */ = {
			isa = XCBuildConfiguration;
			buildSettings = {
				ALWAYS_SEARCH_USER_PATHS = NO;
				CLANG_ANALYZER_NONNULL = YES;
				CLANG_ANALYZER_NUMBER_OBJECT_CONVERSION = YES_AGGRESSIVE;
				CLANG_CXX_LANGUAGE_STANDARD = "gnu++14";
				CLANG_CXX_LIBRARY = "libc++";
				CLANG_ENABLE_MODULES = YES;
				CLANG_ENABLE_OBJC_ARC = YES;
				CLANG_ENABLE_OBJC_WEAK = YES;
				CLANG_WARN_BLOCK_CAPTURE_AUTORELEASING = YES;
				CLANG_WARN_BOOL_CONVERSION = YES;
				CLANG_WARN_COMMA = YES;
				CLANG_WARN_CONSTANT_CONVERSION = YES;
				CLANG_WARN_DEPRECATED_OBJC_IMPLEMENTATIONS = YES;
				CLANG_WARN_DIRECT_OBJC_ISA_USAGE = YES_ERROR;
				CLANG_WARN_DOCUMENTATION_COMMENTS = YES;
				CLANG_WARN_EMPTY_BODY = YES;
				CLANG_WARN_ENUM_CONVERSION = YES;
				CLANG_WARN_INFINITE_RECURSION = YES;
				CLANG_WARN_INT_CONVERSION = YES;
				CLANG_WARN_NON_LITERAL_NULL_CONVERSION = YES;
				CLANG_WARN_OBJC_IMPLICIT_RETAIN_SELF = YES;
				CLANG_WARN_OBJC_LITERAL_CONVERSION = YES;
				CLANG_WARN_OBJC_ROOT_CLASS = YES_ERROR;
				CLANG_WARN_RANGE_LOOP_ANALYSIS = YES;
				CLANG_WARN_STRICT_PROTOTYPES = YES;
				CLANG_WARN_SUSPICIOUS_MOVE = YES;
				CLANG_WARN_UNGUARDED_AVAILABILITY = YES_AGGRESSIVE;
				CLANG_WARN_UNREACHABLE_CODE = YES;
				CLANG_WARN__DUPLICATE_METHOD_MATCH = YES;
				CODE_SIGN_IDENTITY = "iPhone Developer";
				COPY_PHASE_STRIP = NO;
				CURRENT_PROJECT_VERSION = 1;
				DEBUG_INFORMATION_FORMAT = "dwarf-with-dsym";
				ENABLE_NS_ASSERTIONS = NO;
				ENABLE_STRICT_OBJC_MSGSEND = YES;
				GCC_C_LANGUAGE_STANDARD = gnu11;
				GCC_NO_COMMON_BLOCKS = YES;
				GCC_WARN_64_TO_32_BIT_CONVERSION = YES;
				GCC_WARN_ABOUT_RETURN_TYPE = YES_ERROR;
				GCC_WARN_UNDECLARED_SELECTOR = YES;
				GCC_WARN_UNINITIALIZED_AUTOS = YES_AGGRESSIVE;
				GCC_WARN_UNUSED_FUNCTION = YES;
				GCC_WARN_UNUSED_VARIABLE = YES;
				IPHONEOS_DEPLOYMENT_TARGET = 12.1;
				MTL_ENABLE_DEBUG_INFO = NO;
				MTL_FAST_MATH = YES;
				SDKROOT = iphoneos;
				SWIFT_COMPILATION_MODE = wholemodule;
				SWIFT_OPTIMIZATION_LEVEL = "-O";
				VALIDATE_PRODUCT = YES;
				VERSIONING_SYSTEM = "apple-generic";
				VERSION_INFO_PREFIX = "";
			};
			name = Release;
		};
		97BE400E21DCA19F0007F373 /* Debug */ = {
			isa = XCBuildConfiguration;
			buildSettings = {
				CLANG_ENABLE_MODULES = YES;
				CODE_SIGN_IDENTITY = "";
				CODE_SIGN_STYLE = Automatic;
				DEFINES_MODULE = YES;
				DYLIB_COMPATIBILITY_VERSION = 1;
				DYLIB_CURRENT_VERSION = 1;
				DYLIB_INSTALL_NAME_BASE = "@rpath";
				INFOPLIST_FILE = RandomeGenerationFramework/Info.plist;
				INSTALL_PATH = "$(LOCAL_LIBRARY_DIR)/Frameworks";
				LD_RUNPATH_SEARCH_PATHS = (
					"$(inherited)",
					"@executable_path/Frameworks",
					"@loader_path/Frameworks",
				);
				PRODUCT_BUNDLE_IDENTIFIER = CM.RandomeGenerationFramework;
				PRODUCT_NAME = "$(TARGET_NAME:c99extidentifier)";
				SKIP_INSTALL = YES;
				SWIFT_OPTIMIZATION_LEVEL = "-Onone";
				SWIFT_VERSION = 4.2;
				TARGETED_DEVICE_FAMILY = "1,2";
			};
			name = Debug;
		};
		97BE400F21DCA19F0007F373 /* Release */ = {
			isa = XCBuildConfiguration;
			buildSettings = {
				CLANG_ENABLE_MODULES = YES;
				CODE_SIGN_IDENTITY = "";
				CODE_SIGN_STYLE = Automatic;
				DEFINES_MODULE = YES;
				DYLIB_COMPATIBILITY_VERSION = 1;
				DYLIB_CURRENT_VERSION = 1;
				DYLIB_INSTALL_NAME_BASE = "@rpath";
				INFOPLIST_FILE = RandomeGenerationFramework/Info.plist;
				INSTALL_PATH = "$(LOCAL_LIBRARY_DIR)/Frameworks";
				LD_RUNPATH_SEARCH_PATHS = (
					"$(inherited)",
					"@executable_path/Frameworks",
					"@loader_path/Frameworks",
				);
				PRODUCT_BUNDLE_IDENTIFIER = CM.RandomeGenerationFramework;
				PRODUCT_NAME = "$(TARGET_NAME:c99extidentifier)";
				SKIP_INSTALL = YES;
				SWIFT_VERSION = 4.2;
				TARGETED_DEVICE_FAMILY = "1,2";
			};
			name = Release;
		};
		97BE401121DCA19F0007F373 /* Debug */ = {
			isa = XCBuildConfiguration;
			buildSettings = {
				ALWAYS_EMBED_SWIFT_STANDARD_LIBRARIES = YES;
				CODE_SIGN_STYLE = Automatic;
				INFOPLIST_FILE = RandomeGenerationFrameworkTests/Info.plist;
				LD_RUNPATH_SEARCH_PATHS = (
					"$(inherited)",
					"@executable_path/Frameworks",
					"@loader_path/Frameworks",
				);
				PRODUCT_BUNDLE_IDENTIFIER = CM.RandomeGenerationFrameworkTests;
				PRODUCT_NAME = "$(TARGET_NAME)";
				SWIFT_VERSION = 4.2;
				TARGETED_DEVICE_FAMILY = "1,2";
			};
			name = Debug;
		};
		97BE401221DCA19F0007F373 /* Release */ = {
			isa = XCBuildConfiguration;
			buildSettings = {
				ALWAYS_EMBED_SWIFT_STANDARD_LIBRARIES = YES;
				CODE_SIGN_STYLE = Automatic;
				INFOPLIST_FILE = RandomeGenerationFrameworkTests/Info.plist;
				LD_RUNPATH_SEARCH_PATHS = (
					"$(inherited)",
					"@executable_path/Frameworks",
					"@loader_path/Frameworks",
				);
				PRODUCT_BUNDLE_IDENTIFIER = CM.RandomeGenerationFrameworkTests;
				PRODUCT_NAME = "$(TARGET_NAME)";
				SWIFT_VERSION = 4.2;
				TARGETED_DEVICE_FAMILY = "1,2";
			};
			name = Release;
		};
/* End XCBuildConfiguration section */

/* Begin XCConfigurationList section */
		97BE3FF321DCA19E0007F373 /* Build configuration list for PBXProject "RandomeGenerationFramework" */ = {
			isa = XCConfigurationList;
			buildConfigurations = (
				97BE400B21DCA19F0007F373 /* Debug */,
				97BE400C21DCA19F0007F373 /* Release */,
			);
			defaultConfigurationIsVisible = 0;
			defaultConfigurationName = Release;
		};
		97BE400D21DCA19F0007F373 /* Build configuration list for PBXNativeTarget "RandomeGenerationFramework" */ = {
			isa = XCConfigurationList;
			buildConfigurations = (
				97BE400E21DCA19F0007F373 /* Debug */,
				97BE400F21DCA19F0007F373 /* Release */,
			);
			defaultConfigurationIsVisible = 0;
			defaultConfigurationName = Release;
		};
		97BE401021DCA19F0007F373 /* Build configuration list for PBXNativeTarget "RandomeGenerationFrameworkTests" */ = {
			isa = XCConfigurationList;
			buildConfigurations = (
				97BE401121DCA19F0007F373 /* Debug */,
				97BE401221DCA19F0007F373 /* Release */,
			);
			defaultConfigurationIsVisible = 0;
			defaultConfigurationName = Release;
		};
/* End XCConfigurationList section */
	};
	rootObject = 97BE3FF021DCA19E0007F373 /* Project object */;
}
